
Microsoft Visual Studio Solution File, Format Version 12.00
# Visual Studio 2012
Project("{FAE04EC0-301F-11D3-BF4B-00C04F79EFBC}") = "MEDMcKelvy", "MEDMcKelvy\MEDMcKelvy.csproj", "{43D21F96-F8D5-4735-ADDA-7594607EA0FA}"
EndProject
Project("{FAE04EC0-301F-11D3-BF4B-00C04F79EFBC}") = "MEDMcKelvy.Tests", "MEDMcKelvy.Tests\MEDMcKelvy.Tests.csproj", "{1ED86B63-8CD7-44AC-A88B-C3CC50857786}"
EndProject
Global
	GlobalSection(SolutionConfigurationPlatforms) = preSolution
		Debug|Any CPU = Debug|Any CPU
		Release|Any CPU = Release|Any CPU
	EndGlobalSection
	GlobalSection(ProjectConfigurationPlatforms) = postSolution
		{43D21F96-F8D5-4735-ADDA-7594607EA0FA}.Debug|Any CPU.ActiveCfg = Debug|Any CPU
		{43D21F96-F8D5-4735-ADDA-7594607EA0FA}.Debug|Any CPU.Build.0 = Debug|Any CPU
		{43D21F96-F8D5-4735-ADDA-7594607EA0FA}.Release|Any CPU.ActiveCfg = Release|Any CPU
		{43D21F96-F8D5-4735-ADDA-7594607EA0FA}.Release|Any CPU.Build.0 = Release|Any CPU
		{1ED86B63-8CD7-44AC-A88B-C3CC50857786}.Debug|Any CPU.ActiveCfg = Debug|Any CPU
		{1ED86B63-8CD7-44AC-A88B-C3CC50857786}.Debug|Any CPU.Build.0 = Debug|Any CPU
		{1ED86B63-8CD7-44AC-A88B-C3CC50857786}.Release|Any CPU.ActiveCfg = Release|Any CPU
		{1ED86B63-8CD7-44AC-A88B-C3CC50857786}.Release|Any CPU.Build.0 = Release|Any CPU
	EndGlobalSection
	GlobalSection(SolutionProperties) = preSolution
		HideSolutionNode = FALSE
	EndGlobalSection
EndGlobal
